PODS:
  - JMImageLoader (0.0.1-beta.0)

DEPENDENCIES:
  - JMImageLoader (~> 0.0.1-beta.0)

SPEC REPOS:
  https://github.com/JivoChat/JMSpecsRepoDevelop.git:
    - JMImageLoader

SPEC CHECKSUMS:
  JMImageLoader: 08ffa82584a4dd0114e0c5c5422859780326d6e4

PODFILE CHECKSUM: 06b80c333d316352a487481525db1d222eba4f73

COCOAPODS: 1.10.1
